
Microsoft Visual Studio Solution File, Format Version 12.00
# Visual Studio Version 17
VisualStudioVersion = 17.4.33205.214
MinimumVisualStudioVersion = 10.0.40219.1
Project("{D2ABAB84-BF74-430A-B69E-9DC6D40DDA17}") = "SSAS_GlobalSuperstore", "SSAS_GlobalSuperstore.dwproj", "{D3CA6CF4-630C-439B-AD4C-D7A01CDE3B56}"
EndProject
Global
	GlobalSection(SolutionConfigurationPlatforms) = preSolution
		Development|Default = Development|Default
	EndGlobalSection
	GlobalSection(ProjectConfigurationPlatforms) = postSolution
		{D3CA6CF4-630C-439B-AD4C-D7A01CDE3B56}.Development|Default.ActiveCfg = Development
		{D3CA6CF4-630C-439B-AD4C-D7A01CDE3B56}.Development|Default.Build.0 = Development
		{D3CA6CF4-630C-439B-AD4C-D7A01CDE3B56}.Development|Default.Deploy.0 = Development
	EndGlobalSection
	GlobalSection(SolutionProperties) = preSolution
		HideSolutionNode = FALSE
	EndGlobalSection
	GlobalSection(ExtensibilityGlobals) = postSolution
		SolutionGuid = {DE43F226-814D-440B-99E8-EF3180B047A4}
	EndGlobalSection
EndGlobal
